
Microsoft Visual Studio Solution File, Format Version 12.00
# Visual Studio Version 16
VisualStudioVersion = 16.0.31025.194
MinimumVisualStudioVersion = 10.0.40219.1
Project("{9A19103F-16F7-4668-BE54-9A1E7A4F7556}") = "APIProductor", "APIProductor\APIProductor.csproj", "{72B36301-C6F7-467A-A69B-F84D48A7CA33}"
EndProject
Project("{FAE04EC0-301F-11D3-BF4B-00C04F79EFBC}") = "FncConsumidor", "FncConsumidor\FncConsumidor.csproj", "{F41DB712-5BA1-48F3-AF50-75C3122B4173}"
EndProject
Global
	GlobalSection(SolutionConfigurationPlatforms) = preSolution
		Debug|Any CPU = Debug|Any CPU
		Release|Any CPU = Release|Any CPU
	EndGlobalSection
	GlobalSection(ProjectConfigurationPlatforms) = postSolution
		{72B36301-C6F7-467A-A69B-F84D48A7CA33}.Debug|Any CPU.ActiveCfg = Debug|Any CPU
		{72B36301-C6F7-467A-A69B-F84D48A7CA33}.Debug|Any CPU.Build.0 = Debug|Any CPU
		{72B36301-C6F7-467A-A69B-F84D48A7CA33}.Release|Any CPU.ActiveCfg = Release|Any CPU
		{72B36301-C6F7-467A-A69B-F84D48A7CA33}.Release|Any CPU.Build.0 = Release|Any CPU
		{F41DB712-5BA1-48F3-AF50-75C3122B4173}.Debug|Any CPU.ActiveCfg = Debug|Any CPU
		{F41DB712-5BA1-48F3-AF50-75C3122B4173}.Debug|Any CPU.Build.0 = Debug|Any CPU
		{F41DB712-5BA1-48F3-AF50-75C3122B4173}.Release|Any CPU.ActiveCfg = Release|Any CPU
		{F41DB712-5BA1-48F3-AF50-75C3122B4173}.Release|Any CPU.Build.0 = Release|Any CPU
	EndGlobalSection
	GlobalSection(SolutionProperties) = preSolution
		HideSolutionNode = FALSE
	EndGlobalSection
	GlobalSection(ExtensibilityGlobals) = postSolution
		SolutionGuid = {8555F70B-9ACE-4AE8-A0C3-C5C1C2A44C27}
	EndGlobalSection
EndGlobal
